
Microsoft Visual Studio Solution File, Format Version 12.00
# Visual Studio Version 17
VisualStudioVersion = 17.0.31903.59
MinimumVisualStudioVersion = 10.0.40219.1
Project("{FAE04EC0-301F-11D3-BF4B-00C04F79EFBC}") = "BloodDonationNetwork.Api", "src\BloodDonationNetwork.Api\BloodDonationNetwork.Api.csproj", "{1818C3E0-5924-4F52-9F5C-9BB2E58DBA5F}"
EndProject
Project("{FAE04EC0-301F-11D3-BF4B-00C04F79EFBC}") = "BloodDonationNetwork.Application", "src\BloodDonationNetwork.Application\BloodDonationNetwork.Application.csproj", "{5F2368F9-5E56-4275-8369-5C72AC6DA101}"
EndProject
Project("{FAE04EC0-301F-11D3-BF4B-00C04F79EFBC}") = "BloodDonationNetwork.Domain", "src\BloodDonationNetwork.Domain\BloodDonationNetwork.Domain.csproj", "{44F52905-7EFF-429A-BDB1-8873E16EBD4A}"
EndProject
Project("{FAE04EC0-301F-11D3-BF4B-00C04F79EFBC}") = "BloodDonationNetwork.Infrastructure", "src\BloodDonationNetwork.Infrastructure\BloodDonationNetwork.Infrastructure.csproj", "{38196EA8-4609-4A10-958B-1E88842CB89F}"
EndProject
Project("{FAE04EC0-301F-11D3-BF4B-00C04F79EFBC}") = "BloodDonationNetwork.UnitTests", "tests\BloodDonationNetwork.UnitTests\BloodDonationNetwork.UnitTests.csproj", "{7BE03A4A-EEE6-4AE7-A58E-199E80B57183}"
EndProject
Project("{FAE04EC0-301F-11D3-BF4B-00C04F79EFBC}") = "BloodDonationNetwork.IntegrationTests", "tests\BloodDonationNetwork.IntegrationTests\BloodDonationNetwork.IntegrationTests.csproj", "{68FFF643-7672-476A-BCDE-1CC7F15B67EF}"
EndProject
Global
	GlobalSection(SolutionConfigurationPlatforms) = preSolution
		Debug|Any CPU = Debug|Any CPU
		Release|Any CPU = Release|Any CPU
	EndGlobalSection
	GlobalSection(SolutionProperties) = preSolution
		HideSolutionNode = FALSE
	EndGlobalSection
	GlobalSection(ProjectConfigurationPlatforms) = postSolution
		{1818C3E0-5924-4F52-9F5C-9BB2E58DBA5F}.Debug|Any CPU.ActiveCfg = Debug|Any CPU
		{1818C3E0-5924-4F52-9F5C-9BB2E58DBA5F}.Debug|Any CPU.Build.0 = Debug|Any CPU
		{1818C3E0-5924-4F52-9F5C-9BB2E58DBA5F}.Release|Any CPU.ActiveCfg = Release|Any CPU
		{1818C3E0-5924-4F52-9F5C-9BB2E58DBA5F}.Release|Any CPU.Build.0 = Release|Any CPU
		{5F2368F9-5E56-4275-8369-5C72AC6DA101}.Debug|Any CPU.ActiveCfg = Debug|Any CPU
		{5F2368F9-5E56-4275-8369-5C72AC6DA101}.Debug|Any CPU.Build.0 = Debug|Any CPU
		{5F2368F9-5E56-4275-8369-5C72AC6DA101}.Release|Any CPU.ActiveCfg = Release|Any CPU
		{5F2368F9-5E56-4275-8369-5C72AC6DA101}.Release|Any CPU.Build.0 = Release|Any CPU
		{44F52905-7EFF-429A-BDB1-8873E16EBD4A}.Debug|Any CPU.ActiveCfg = Debug|Any CPU
		{44F52905-7EFF-429A-BDB1-8873E16EBD4A}.Debug|Any CPU.Build.0 = Debug|Any CPU
		{44F52905-7EFF-429A-BDB1-8873E16EBD4A}.Release|Any CPU.ActiveCfg = Release|Any CPU
		{44F52905-7EFF-429A-BDB1-8873E16EBD4A}.Release|Any CPU.Build.0 = Release|Any CPU
		{38196EA8-4609-4A10-958B-1E88842CB89F}.Debug|Any CPU.ActiveCfg = Debug|Any CPU
		{38196EA8-4609-4A10-958B-1E88842CB89F}.Debug|Any CPU.Build.0 = Debug|Any CPU
		{38196EA8-4609-4A10-958B-1E88842CB89F}.Release|Any CPU.ActiveCfg = Release|Any CPU
		{38196EA8-4609-4A10-958B-1E88842CB89F}.Release|Any CPU.Build.0 = Release|Any CPU
		{7BE03A4A-EEE6-4AE7-A58E-199E80B57183}.Debug|Any CPU.ActiveCfg = Debug|Any CPU
		{7BE03A4A-EEE6-4AE7-A58E-199E80B57183}.Debug|Any CPU.Build.0 = Debug|Any CPU
		{7BE03A4A-EEE6-4AE7-A58E-199E80B57183}.Release|Any CPU.ActiveCfg = Release|Any CPU
		{7BE03A4A-EEE6-4AE7-A58E-199E80B57183}.Release|Any CPU.Build.0 = Release|Any CPU
		{68FFF643-7672-476A-BCDE-1CC7F15B67EF}.Debug|Any CPU.ActiveCfg = Debug|Any CPU
		{68FFF643-7672-476A-BCDE-1CC7F15B67EF}.Debug|Any CPU.Build.0 = Debug|Any CPU
		{68FFF643-7672-476A-BCDE-1CC7F15B67EF}.Release|Any CPU.ActiveCfg = Release|Any CPU
		{68FFF643-7672-476A-BCDE-1CC7F15B67EF}.Release|Any CPU.Build.0 = Release|Any CPU
	EndGlobalSection
EndGlobal
